<?xml version="1.0" encoding="utf-8"?>
<Project ToolsVersion="4.0" xmlns="http://schemas.microsoft.com/developer/msbuild/2003">
  <ItemGroup>
    <Filter Include="Source Files">
      <UniqueIdentifier>{4FC737F1-C7A5-4376-A066-2A32D752A2FF}</UniqueIdentifier>
      <Extensions>cpp;c;cc;cxx;def;odl;idl;hpj;bat;asm;asmx</Extensions>
    </Filter>
    <Filter Include="Header Files">
      <UniqueIdentifier>{93995380-89BD-4b04-88EB-625FBE52EBFB}</UniqueIdentifier>
      <Extensions>h;hh;hpp;hxx;hm;inl;inc;ipp;xsd</Extensions>
    </Filter>
    <Filter Include="Resource Files">
      <UniqueIdentifier>{67DA6AB6-F800-4c08-8B7A-83BB121AAD01}</UniqueIdentifier>
      <Extensions>rc;ico;cur;bmp;dlg;rc2;rct;bin;rgs;gif;jpg;jpeg;jpe;resx;tiff;tif;png;wav;mfcribbon-ms</Extensions>
    </Filter>
  </ItemGroup>
  <ItemGroup>
    <ClCompile Include="src\Solver.cpp">
      <Filter>Source Files</Filter>
    </ClCompile>
    <ClCompile Include="src\Main.cpp">
      <Filter>Source Files</Filter>
    </ClCompile>
    <ClCompile Include="src\NetworkCreation.cpp">
      <Filter>Source Files</Filter>
    </ClCompile>
    <ClCompile Include="src\ProblemSettings.cpp">
      <Filter>Source Files</Filter>
    </ClCompile>
    <ClCompile Include="src\SequencesOfTests.cpp">
      <Filter>Source Files</Filter>
    </ClCompile>
    <ClCompile Include="src\FileReader.cpp">
      <Filter>Source Files</Filter>
    </ClCompile>
    <ClCompile Include="src\CrossValidation.cpp">
      <Filter>Source Files</Filter>
    </ClCompile>
    <ClCompile Include="src\NodeSolver.cpp">
      <Filter>Source Files</Filter>
    </ClCompile>
    <ClCompile Include="src\ADMM_penalty.cpp">
      <Filter>Source Files</Filter>
    </ClCompile>
    <ClCompile Include="src\TestPhase.cpp">
      <Filter>Source Files</Filter>
    </ClCompile>
    <ClCompile Include="src\Kernel.cpp">
      <Filter>Source Files</Filter>
    </ClCompile>
    <ClCompile Include="src\FoldData.cpp">
      <Filter>Source Files</Filter>
    </ClCompile>
    <ClCompile Include="src\Partitioning.cpp">
      <Filter>Source Files</Filter>
    </ClCompile>
    <ClCompile Include="src\Scaling.cpp">
      <Filter>Source Files</Filter>
    </ClCompile>
    <ClCompile Include="src\ReadDataset.cpp">
      <Filter>Source Files</Filter>
    </ClCompile>
    <ClCompile Include="src\Printer.cpp">
      <Filter>Source Files</Filter>
    </ClCompile>
    <ClCompile Include="src\NodeSolver_linear.cpp">
      <Filter>Source Files</Filter>
    </ClCompile>
    <ClCompile Include="src\FindSVs.cpp">
      <Filter>Source Files</Filter>
    </ClCompile>
    <ClCompile Include="src\ChoosingT.cpp">
      <Filter>Source Files</Filter>
    </ClCompile>
    <ClCompile Include="src\Randomizing.cpp">
      <Filter>Source Files</Filter>
    </ClCompile>
    <ClCompile Include="src\InverseOfMat.cpp">
      <Filter>Source Files</Filter>
    </ClCompile>
    <ClCompile Include="src\f_norm.cpp">
      <Filter>Source Files</Filter>
    </ClCompile>
  </ItemGroup>
  <ItemGroup>
    <ClInclude Include="src\NetworkCreation.h">
      <Filter>Header Files</Filter>
    </ClInclude>
    <ClInclude Include="src\ProblemSettings.h">
      <Filter>Header Files</Filter>
    </ClInclude>
    <ClInclude Include="src\NodeSolver.h">
      <Filter>Header Files</Filter>
    </ClInclude>
    <ClInclude Include="src\ADMM_penalty.h">
      <Filter>Header Files</Filter>
    </ClInclude>
    <ClInclude Include="src\Types.h">
      <Filter>Header Files</Filter>
    </ClInclude>
    <ClInclude Include="src\FoldData.h">
      <Filter>Header Files</Filter>
    </ClInclude>
    <ClInclude Include="src\Partitioning.h">
      <Filter>Header Files</Filter>
    </ClInclude>
    <ClInclude Include="src\Solver.h">
      <Filter>Header Files</Filter>
    </ClInclude>
    <ClInclude Include="src\Printer.h">
      <Filter>Header Files</Filter>
    </ClInclude>
    <ClInclude Include="src\TestPhase.h">
      <Filter>Header Files</Filter>
    </ClInclude>
    <ClInclude Include="src\ReadDataset.h">
      <Filter>Header Files</Filter>
    </ClInclude>
    <ClInclude Include="src\CrossValidation.h">
      <Filter>Header Files</Filter>
    </ClInclude>
    <ClInclude Include="src\NodeSolver_linear.h">
      <Filter>Header Files</Filter>
    </ClInclude>
    <ClInclude Include="src\utils.h">
      <Filter>Header Files</Filter>
    </ClInclude>
    <ClInclude Include="src\Scaling.h">
      <Filter>Header Files</Filter>
    </ClInclude>
    <ClInclude Include="src\FileReader.h">
      <Filter>Header Files</Filter>
    </ClInclude>
    <ClInclude Include="src\Randomizing.h">
      <Filter>Header Files</Filter>
    </ClInclude>
    <ClInclude Include="src\Kernel.h">
      <Filter>Header Files</Filter>
    </ClInclude>
    <ClInclude Include="src\ChoosingT.h">
      <Filter>Header Files</Filter>
    </ClInclude>
    <ClInclude Include="src\json.hpp">
      <Filter>Header Files</Filter>
    </ClInclude>
    <ClInclude Include="src\SequencesOfTests.h">
      <Filter>Header Files</Filter>
    </ClInclude>
    <ClInclude Include="src\FindSVs.h">
      <Filter>Header Files</Filter>
    </ClInclude>
    <ClInclude Include="src\SolverData.h">
      <Filter>Header Files</Filter>
    </ClInclude>
    <ClInclude Include="src\PrintData.h">
      <Filter>Header Files</Filter>
    </ClInclude>
    <ClInclude Include="src\InverseOfMat.h">
      <Filter>Header Files</Filter>
    </ClInclude>
    <ClInclude Include="src\Hello.h">
      <Filter>Header Files</Filter>
    </ClInclude>
  </ItemGroup>
</Project>